
Microsoft Visual Studio Solution File, Format Version 12.00
# Visual Studio 15
VisualStudioVersion = 15.0.28307.902
MinimumVisualStudioVersion = 10.0.40219.1
Project("{FAE04EC0-301F-11D3-BF4B-00C04F79EFBC}") = "HedefBarkod", "HedefBarkod CODE\HedefBarkod.csproj", "{3C476258-F0BC-40F0-BA12-F0E475505F9B}"
EndProject
Project("{54435603-DBB4-11D2-8724-00A0C9A8B90C}") = "Res Barkod Sistemi v.4", "Res Barkod Sistemi v.4\Res Barkod Sistemi v.4.vdproj", "{11322E47-4527-4EA8-ACDA-8E1F78CE48BF}"
EndProject
Global
	GlobalSection(SolutionConfigurationPlatforms) = preSolution
		Debug|Any CPU = Debug|Any CPU
		Release|Any CPU = Release|Any CPU
	EndGlobalSection
	GlobalSection(ProjectConfigurationPlatforms) = postSolution
		{3C476258-F0BC-40F0-BA12-F0E475505F9B}.Debug|Any CPU.ActiveCfg = Debug|Any CPU
		{3C476258-F0BC-40F0-BA12-F0E475505F9B}.Debug|Any CPU.Build.0 = Debug|Any CPU
		{3C476258-F0BC-40F0-BA12-F0E475505F9B}.Release|Any CPU.ActiveCfg = Release|Any CPU
		{3C476258-F0BC-40F0-BA12-F0E475505F9B}.Release|Any CPU.Build.0 = Release|Any CPU
		{11322E47-4527-4EA8-ACDA-8E1F78CE48BF}.Debug|Any CPU.ActiveCfg = Debug
		{11322E47-4527-4EA8-ACDA-8E1F78CE48BF}.Release|Any CPU.ActiveCfg = Release
	EndGlobalSection
	GlobalSection(SolutionProperties) = preSolution
		HideSolutionNode = FALSE
	EndGlobalSection
	GlobalSection(ExtensibilityGlobals) = postSolution
		SolutionGuid = {898B1DC8-82AC-44AB-8362-AD0D618E6847}
	EndGlobalSection
EndGlobal
